// !$*UTF8*$!
{
	archiveVersion = 1;
	classes = {
	};
	objectVersion = 77;
	objects = {

/* Begin PBXBuildFile section */
		6447D28A2E6A3737007B7DCC /* WidgetKit.framework in Frameworks */ = {isa = PBXBuildFile; fileRef = 6447D2892E6A3736007B7DCC /* WidgetKit.framework */; };
		6447D28C2E6A3737007B7DCC /* SwiftUI.framework in Frameworks */ = {isa = PBXBuildFile; fileRef = 6447D28B2E6A3737007B7DCC /* SwiftUI.framework */; };
		6447D29D2E6A3739007B7DCC /* MarketWidgetsExtension.appex in Embed Foundation Extensions */ = {isa = PBXBuildFile; fileRef = 6447D2872E6A3736007B7DCC /* MarketWidgetsExtension.appex */; settings = {ATTRIBUTES = (RemoveHeadersOnCopy, ); }; };
/* End PBXBuildFile section */

/* Begin PBXContainerItemProxy section */
		6447D2672E6A33E7007B7DCC /* PBXContainerItemProxy */ = {
			isa = PBXContainerItemProxy;
			containerPortal = 6447D24E2E6A33E4007B7DCC /* Project object */;
			proxyType = 1;
			remoteGlobalIDString = 6447D2552E6A33E4007B7DCC;
			remoteInfo = MarketsWidgetKit;
		};
		6447D2712E6A33E7007B7DCC /* PBXContainerItemProxy */ = {
			isa = PBXContainerItemProxy;
			containerPortal = 6447D24E2E6A33E4007B7DCC /* Project object */;
			proxyType = 1;
			remoteGlobalIDString = 6447D2552E6A33E4007B7DCC;
			remoteInfo = MarketsWidgetKit;
		};
		6447D29B2E6A3739007B7DCC /* PBXContainerItemProxy */ = {
			isa = PBXContainerItemProxy;
			containerPortal = 6447D24E2E6A33E4007B7DCC /* Project object */;
			proxyType = 1;
			remoteGlobalIDString = 6447D2862E6A3736007B7DCC;
			remoteInfo = MarketWidgetsExtension;
		};
/* End PBXContainerItemProxy section */

/* Begin PBXCopyFilesBuildPhase section */
		6447D2A22E6A3739007B7DCC /* Embed Foundation Extensions */ = {
			isa = PBXCopyFilesBuildPhase;
			buildActionMask = 2147483647;
			dstPath = "";
			dstSubfolderSpec = 13;
			files = (
				6447D29D2E6A3739007B7DCC /* MarketWidgetsExtension.appex in Embed Foundation Extensions */,
			);
			name = "Embed Foundation Extensions";
			runOnlyForDeploymentPostprocessing = 0;
		};
/* End PBXCopyFilesBuildPhase section */

/* Begin PBXFileReference section */
		6447D2562E6A33E4007B7DCC /* MarketsWidgetKit.app */ = {isa = PBXFileReference; explicitFileType = wrapper.application; includeInIndex = 0; path = MarketsWidgetKit.app; sourceTree = BUILT_PRODUCTS_DIR; };
		6447D2662E6A33E7007B7DCC /* MarketsWidgetKitTests.xctest */ = {isa = PBXFileReference; explicitFileType = wrapper.cfbundle; includeInIndex = 0; path = MarketsWidgetKitTests.xctest; sourceTree = BUILT_PRODUCTS_DIR; };
		6447D2702E6A33E7007B7DCC /* MarketsWidgetKitUITests.xctest */ = {isa = PBXFileReference; explicitFileType = wrapper.cfbundle; includeInIndex = 0; path = MarketsWidgetKitUITests.xctest; sourceTree = BUILT_PRODUCTS_DIR; };
		6447D2872E6A3736007B7DCC /* MarketWidgetsExtension.appex */ = {isa = PBXFileReference; explicitFileType = "wrapper.app-extension"; includeInIndex = 0; path = MarketWidgetsExtension.appex; sourceTree = BUILT_PRODUCTS_DIR; };
		6447D2892E6A3736007B7DCC /* WidgetKit.framework */ = {isa = PBXFileReference; lastKnownFileType = wrapper.framework; name = WidgetKit.framework; path = System/Library/Frameworks/WidgetKit.framework; sourceTree = SDKROOT; };
		6447D28B2E6A3737007B7DCC /* SwiftUI.framework */ = {isa = PBXFileReference; lastKnownFileType = wrapper.framework; name = SwiftUI.framework; path = System/Library/Frameworks/SwiftUI.framework; sourceTree = SDKROOT; };
/* End PBXFileReference section */

/* Begin PBXFileSystemSynchronizedBuildFileExceptionSet section */
		64172AB42E807448006D689D /* Exceptions for "MarketWidgets" folder in "MarketsWidgetKit" target */ = {
			isa = PBXFileSystemSynchronizedBuildFileExceptionSet;
			membershipExceptions = (
				Sparkline.swift,
			);
			target = 6447D2552E6A33E4007B7DCC /* MarketsWidgetKit */;
		};
		64172AB52E807448006D689D /* Exceptions for "MarketWidgets" folder in "MarketsWidgetKitTests" target */ = {
			isa = PBXFileSystemSynchronizedBuildFileExceptionSet;
			membershipExceptions = (
				Sparkline.swift,
			);
			target = 6447D2652E6A33E7007B7DCC /* MarketsWidgetKitTests */;
		};
		6447D29E2E6A3739007B7DCC /* Exceptions for "MarketWidgets" folder in "MarketWidgetsExtension" target */ = {
			isa = PBXFileSystemSynchronizedBuildFileExceptionSet;
			membershipExceptions = (
				Info.plist,
			);
			target = 6447D2862E6A3736007B7DCC /* MarketWidgetsExtension */;
		};
/* End PBXFileSystemSynchronizedBuildFileExceptionSet section */

/* Begin PBXFileSystemSynchronizedRootGroup section */
		6447D2582E6A33E4007B7DCC /* MarketsWidgetKit */ = {
			isa = PBXFileSystemSynchronizedRootGroup;
			path = MarketsWidgetKit;
			sourceTree = "<group>";
		};
		6447D2692E6A33E7007B7DCC /* MarketsWidgetKitTests */ = {
			isa = PBXFileSystemSynchronizedRootGroup;
			path = MarketsWidgetKitTests;
			sourceTree = "<group>";
		};
		6447D2732E6A33E7007B7DCC /* MarketsWidgetKitUITests */ = {
			isa = PBXFileSystemSynchronizedRootGroup;
			path = MarketsWidgetKitUITests;
			sourceTree = "<group>";
		};
		6447D28D2E6A3737007B7DCC /* MarketWidgets */ = {
			isa = PBXFileSystemSynchronizedRootGroup;
			exceptions = (
				64172AB42E807448006D689D /* Exceptions for "MarketWidgets" folder in "MarketsWidgetKit" target */,
				64172AB52E807448006D689D /* Exceptions for "MarketWidgets" folder in "MarketsWidgetKitTests" target */,
				6447D29E2E6A3739007B7DCC /* Exceptions for "MarketWidgets" folder in "MarketWidgetsExtension" target */,
			);
			path = MarketWidgets;
			sourceTree = "<group>";
		};
/* End PBXFileSystemSynchronizedRootGroup section */

/* Begin PBXFrameworksBuildPhase section */
		6447D2532E6A33E4007B7DCC /* Frameworks */ = {
			isa = PBXFrameworksBuildPhase;
			buildActionMask = 2147483647;
			files = (
			);
			runOnlyForDeploymentPostprocessing = 0;
		};
		6447D2632E6A33E7007B7DCC /* Frameworks */ = {
			isa = PBXFrameworksBuildPhase;
			buildActionMask = 2147483647;
			files = (
			);
			runOnlyForDeploymentPostprocessing = 0;
		};
		6447D26D2E6A33E7007B7DCC /* Frameworks */ = {
			isa = PBXFrameworksBuildPhase;
			buildActionMask = 2147483647;
			files = (
			);
			runOnlyForDeploymentPostprocessing = 0;
		};
		6447D2842E6A3736007B7DCC /* Frameworks */ = {
			isa = PBXFrameworksBuildPhase;
			buildActionMask = 2147483647;
			files = (
				6447D28C2E6A3737007B7DCC /* SwiftUI.framework in Frameworks */,
				6447D28A2E6A3737007B7DCC /* WidgetKit.framework in Frameworks */,
			);
			runOnlyForDeploymentPostprocessing = 0;
		};
/* End PBXFrameworksBuildPhase section */

/* Begin PBXGroup section */
		6447D24D2E6A33E4007B7DCC = {
			isa = PBXGroup;
			children = (
				6447D2582E6A33E4007B7DCC /* MarketsWidgetKit */,
				6447D2692E6A33E7007B7DCC /* MarketsWidgetKitTests */,
				6447D2732E6A33E7007B7DCC /* MarketsWidgetKitUITests */,
				6447D28D2E6A3737007B7DCC /* MarketWidgets */,
				6447D2882E6A3736007B7DCC /* Frameworks */,
				6447D2572E6A33E4007B7DCC /* Products */,
			);
			sourceTree = "<group>";
		};
		6447D2572E6A33E4007B7DCC /* Products */ = {
			isa = PBXGroup;
			children = (
				6447D2562E6A33E4007B7DCC /* MarketsWidgetKit.app */,
				6447D2662E6A33E7007B7DCC /* MarketsWidgetKitTests.xctest */,
				6447D2702E6A33E7007B7DCC /* MarketsWidgetKitUITests.xctest */,
				6447D2872E6A3736007B7DCC /* MarketWidgetsExtension.appex */,
			);
			name = Products;
			sourceTree = "<group>";
		};
		6447D2882E6A3736007B7DCC /* Frameworks */ = {
			isa = PBXGroup;
			children = (
				6447D2892E6A3736007B7DCC /* WidgetKit.framework */,
				6447D28B2E6A3737007B7DCC /* SwiftUI.framework */,
			);
			name = Frameworks;
			sourceTree = "<group>";
		};
/* End PBXGroup section */

/* Begin PBXNativeTarget section */
		6447D2552E6A33E4007B7DCC /* MarketsWidgetKit */ = {
			isa = PBXNativeTarget;
			buildConfigurationList = 6447D27A2E6A33E7007B7DCC /* Build configuration list for PBXNativeTarget "MarketsWidgetKit" */;
			buildPhases = (
				6447D2522E6A33E4007B7DCC /* Sources */,
				6447D2532E6A33E4007B7DCC /* Frameworks */,
				6447D2542E6A33E4007B7DCC /* Resources */,
				6447D2A22E6A3739007B7DCC /* Embed Foundation Extensions */,
			);
			buildRules = (
			);
			dependencies = (
				6447D29C2E6A3739007B7DCC /* PBXTargetDependency */,
			);
			fileSystemSynchronizedGroups = (
				6447D2582E6A33E4007B7DCC /* MarketsWidgetKit */,
			);
			name = MarketsWidgetKit;
			packageProductDependencies = (
			);
			productName = MarketsWidgetKit;
			productReference = 6447D2562E6A33E4007B7DCC /* MarketsWidgetKit.app */;
			productType = "com.apple.product-type.application";
		};
		6447D2652E6A33E7007B7DCC /* MarketsWidgetKitTests */ = {
			isa = PBXNativeTarget;
			buildConfigurationList = 6447D27D2E6A33E7007B7DCC /* Build configuration list for PBXNativeTarget "MarketsWidgetKitTests" */;
			buildPhases = (
				6447D2622E6A33E7007B7DCC /* Sources */,
				6447D2632E6A33E7007B7DCC /* Frameworks */,
				6447D2642E6A33E7007B7DCC /* Resources */,
			);
			buildRules = (
			);
			dependencies = (
				6447D2682E6A33E7007B7DCC /* PBXTargetDependency */,
			);
			fileSystemSynchronizedGroups = (
				6447D2692E6A33E7007B7DCC /* MarketsWidgetKitTests */,
			);
			name = MarketsWidgetKitTests;
			packageProductDependencies = (
			);
			productName = MarketsWidgetKitTests;
			productReference = 6447D2662E6A33E7007B7DCC /* MarketsWidgetKitTests.xctest */;
			productType = "com.apple.product-type.bundle.unit-test";
		};
		6447D26F2E6A33E7007B7DCC /* MarketsWidgetKitUITests */ = {
			isa = PBXNativeTarget;
			buildConfigurationList = 6447D2802E6A33E7007B7DCC /* Build configuration list for PBXNativeTarget "MarketsWidgetKitUITests" */;
			buildPhases = (
				6447D26C2E6A33E7007B7DCC /* Sources */,
				6447D26D2E6A33E7007B7DCC /* Frameworks */,
				6447D26E2E6A33E7007B7DCC /* Resources */,
			);
			buildRules = (
			);
			dependencies = (
				6447D2722E6A33E7007B7DCC /* PBXTargetDependency */,
			);
			fileSystemSynchronizedGroups = (
				6447D2732E6A33E7007B7DCC /* MarketsWidgetKitUITests */,
			);
			name = MarketsWidgetKitUITests;
			packageProductDependencies = (
			);
			productName = MarketsWidgetKitUITests;
			productReference = 6447D2702E6A33E7007B7DCC /* MarketsWidgetKitUITests.xctest */;
			productType = "com.apple.product-type.bundle.ui-testing";
		};
		6447D2862E6A3736007B7DCC /* MarketWidgetsExtension */ = {
			isa = PBXNativeTarget;
			buildConfigurationList = 6447D29F2E6A3739007B7DCC /* Build configuration list for PBXNativeTarget "MarketWidgetsExtension" */;
			buildPhases = (
				6447D2832E6A3736007B7DCC /* Sources */,
				6447D2842E6A3736007B7DCC /* Frameworks */,
				6447D2852E6A3736007B7DCC /* Resources */,
			);
			buildRules = (
			);
			dependencies = (
			);
			fileSystemSynchronizedGroups = (
				6447D28D2E6A3737007B7DCC /* MarketWidgets */,
			);
			name = MarketWidgetsExtension;
			packageProductDependencies = (
			);
			productName = MarketWidgetsExtension;
			productReference = 6447D2872E6A3736007B7DCC /* MarketWidgetsExtension.appex */;
			productType = "com.apple.product-type.app-extension";
		};
/* End PBXNativeTarget section */

/* Begin PBXProject section */
		6447D24E2E6A33E4007B7DCC /* Project object */ = {
			isa = PBXProject;
			attributes = {
				BuildIndependentTargetsInParallel = 1;
				LastSwiftUpdateCheck = 1640;
				LastUpgradeCheck = 1640;
				TargetAttributes = {
					6447D2552E6A33E4007B7DCC = {
						CreatedOnToolsVersion = 16.4;
					};
					6447D2652E6A33E7007B7DCC = {
						CreatedOnToolsVersion = 16.4;
						TestTargetID = 6447D2552E6A33E4007B7DCC;
					};
					6447D26F2E6A33E7007B7DCC = {
						CreatedOnToolsVersion = 16.4;
						TestTargetID = 6447D2552E6A33E4007B7DCC;
					};
					6447D2862E6A3736007B7DCC = {
						CreatedOnToolsVersion = 16.4;
					};
				};
			};
			buildConfigurationList = 6447D2512E6A33E4007B7DCC /* Build configuration list for PBXProject "MarketsWidgetKit" */;
			developmentRegion = en;
			hasScannedForEncodings = 0;
			knownRegions = (
				en,
				Base,
			);
			mainGroup = 6447D24D2E6A33E4007B7DCC;
			minimizedProjectReferenceProxies = 1;
			preferredProjectObjectVersion = 77;
			productRefGroup = 6447D2572E6A33E4007B7DCC /* Products */;
			projectDirPath = "";
			projectRoot = "";
			targets = (
				6447D2552E6A33E4007B7DCC /* MarketsWidgetKit */,
				6447D2652E6A33E7007B7DCC /* MarketsWidgetKitTests */,
				6447D26F2E6A33E7007B7DCC /* MarketsWidgetKitUITests */,
				6447D2862E6A3736007B7DCC /* MarketWidgetsExtension */,
			);
		};
/* End PBXProject section */

/* Begin PBXResourcesBuildPhase section */
		6447D2542E6A33E4007B7DCC /* Resources */ = {
			isa = PBXResourcesBuildPhase;
			buildActionMask = 2147483647;
			files = (
			);
			runOnlyForDeploymentPostprocessing = 0;
		};
		6447D2642E6A33E7007B7DCC /* Resources */ = {
			isa = PBXResourcesBuildPhase;
			buildActionMask = 2147483647;
			files = (
			);
			runOnlyForDeploymentPostprocessing = 0;
		};
		6447D26E2E6A33E7007B7DCC /* Resources */ = {
			isa = PBXResourcesBuildPhase;
			buildActionMask = 2147483647;
			files = (
			);
			runOnlyForDeploymentPostprocessing = 0;
		};
		6447D2852E6A3736007B7DCC /* Resources */ = {
			isa = PBXResourcesBuildPhase;
			buildActionMask = 2147483647;
			files = (
			);
			runOnlyForDeploymentPostprocessing = 0;
		};
/* End PBXResourcesBuildPhase section */

/* Begin PBXSourcesBuildPhase section */
		6447D2522E6A33E4007B7DCC /* Sources */ = {
			isa = PBXSourcesBuildPhase;
			buildActionMask = 2147483647;
			files = (
			);
			runOnlyForDeploymentPostprocessing = 0;
		};
		6447D2622E6A33E7007B7DCC /* Sources */ = {
			isa = PBXSourcesBuildPhase;
			buildActionMask = 2147483647;
			files = (
			);
			runOnlyForDeploymentPostprocessing = 0;
		};
		6447D26C2E6A33E7007B7DCC /* Sources */ = {
			isa = PBXSourcesBuildPhase;
			buildActionMask = 2147483647;
			files = (
			);
			runOnlyForDeploymentPostprocessing = 0;
		};
		6447D2832E6A3736007B7DCC /* Sources */ = {
			isa = PBXSourcesBuildPhase;
			buildActionMask = 2147483647;
			files = (
			);
			runOnlyForDeploymentPostprocessing = 0;
		};
/* End PBXSourcesBuildPhase section */

/* Begin PBXTargetDependency section */
		6447D2682E6A33E7007B7DCC /* PBXTargetDependency */ = {
			isa = PBXTargetDependency;
			target = 6447D2552E6A33E4007B7DCC /* MarketsWidgetKit */;
			targetProxy = 6447D2672E6A33E7007B7DCC /* PBXContainerItemProxy */;
		};
		6447D2722E6A33E7007B7DCC /* PBXTargetDependency */ = {
			isa = PBXTargetDependency;
			target = 6447D2552E6A33E4007B7DCC /* MarketsWidgetKit */;
			targetProxy = 6447D2712E6A33E7007B7DCC /* PBXContainerItemProxy */;
		};
		6447D29C2E6A3739007B7DCC /* PBXTargetDependency */ = {
			isa = PBXTargetDependency;
			target = 6447D2862E6A3736007B7DCC /* MarketWidgetsExtension */;
			targetProxy = 6447D29B2E6A3739007B7DCC /* PBXContainerItemProxy */;
		};
/* End PBXTargetDependency section */

/* Begin XCBuildConfiguration section */
		6447D2782E6A33E7007B7DCC /* Debug */ = {
			isa = XCBuildConfiguration;
			buildSettings = {
				ALWAYS_SEARCH_USER_PATHS = NO;
				ASSETCATALOG_COMPILER_GENERATE_SWIFT_ASSET_SYMBOL_EXTENSIONS = YES;
				CLANG_ANALYZER_NONNULL = YES;
				CLANG_ANALYZER_NUMBER_OBJECT_CONVERSION = YES_AGGRESSIVE;
				CLANG_CXX_LANGUAGE_STANDARD = "gnu++20";
				CLANG_ENABLE_MODULES = YES;
				CLANG_ENABLE_OBJC_ARC = YES;
				CLANG_ENABLE_OBJC_WEAK = YES;
				CLANG_WARN_BLOCK_CAPTURE_AUTORELEASING = YES;
				CLANG_WARN_BOOL_CONVERSION = YES;
				CLANG_WARN_COMMA = YES;
				CLANG_WARN_CONSTANT_CONVERSION = YES;
				CLANG_WARN_DEPRECATED_OBJC_IMPLEMENTATIONS = YES;
				CLANG_WARN_DIRECT_OBJC_ISA_USAGE = YES_ERROR;
				CLANG_WARN_DOCUMENTATION_COMMENTS = YES;
				CLANG_WARN_EMPTY_BODY = YES;
				CLANG_WARN_ENUM_CONVERSION = YES;
				CLANG_WARN_INFINITE_RECURSION = YES;
				CLANG_WARN_INT_CONVERSION = YES;
				CLANG_WARN_NON_LITERAL_NULL_CONVERSION = YES;
				CLANG_WARN_OBJC_IMPLICIT_RETAIN_SELF = YES;
				CLANG_WARN_OBJC_LITERAL_CONVERSION = YES;
				CLANG_WARN_OBJC_ROOT_CLASS = YES_ERROR;
				CLANG_WARN_QUOTED_INCLUDE_IN_FRAMEWORK_HEADER = YES;
				CLANG_WARN_RANGE_LOOP_ANALYSIS = YES;
				CLANG_WARN_STRICT_PROTOTYPES = YES;
				CLANG_WARN_SUSPICIOUS_MOVE = YES;
				CLANG_WARN_UNGUARDED_AVAILABILITY = YES_AGGRESSIVE;
				CLANG_WARN_UNREACHABLE_CODE = YES;
				CLANG_WARN__DUPLICATE_METHOD_MATCH = YES;
				COPY_PHASE_STRIP = NO;
				DEBUG_INFORMATION_FORMAT = dwarf;
				DEVELOPMENT_TEAM = 33XQUS4CME;
				ENABLE_STRICT_OBJC_MSGSEND = YES;
				ENABLE_TESTABILITY = YES;
				ENABLE_USER_SCRIPT_SANDBOXING = YES;
				GCC_C_LANGUAGE_STANDARD = gnu17;
				GCC_DYNAMIC_NO_PIC = NO;
				GCC_NO_COMMON_BLOCKS = YES;
				GCC_OPTIMIZATION_LEVEL = 0;
				GCC_PREPROCESSOR_DEFINITIONS = (
					"DEBUG=1",
					"$(inherited)",
				);
				GCC_WARN_64_TO_32_BIT_CONVERSION = YES;
				GCC_WARN_ABOUT_RETURN_TYPE = YES_ERROR;
				GCC_WARN_UNDECLARED_SELECTOR = YES;
				GCC_WARN_UNINITIALIZED_AUTOS = YES_AGGRESSIVE;
				GCC_WARN_UNUSED_FUNCTION = YES;
				GCC_WARN_UNUSED_VARIABLE = YES;
				LOCALIZATION_PREFERS_STRING_CATALOGS = YES;
				MTL_ENABLE_DEBUG_INFO = INCLUDE_SOURCE;
				MTL_FAST_MATH = YES;
				ONLY_ACTIVE_ARCH = YES;
				SWIFT_ACTIVE_COMPILATION_CONDITIONS = "DEBUG $(inherited)";
				SWIFT_OPTIMIZATION_LEVEL = "-Onone";
			};
			name = Debug;
		};
		6447D2792E6A33E7007B7DCC /* Release */ = {
			isa = XCBuildConfiguration;
			buildSettings = {
				ALWAYS_SEARCH_USER_PATHS = NO;
				ASSETCATALOG_COMPILER_GENERATE_SWIFT_ASSET_SYMBOL_EXTENSIONS = YES;
				CLANG_ANALYZER_NONNULL = YES;
				CLANG_ANALYZER_NUMBER_OBJECT_CONVERSION = YES_AGGRESSIVE;
				CLANG_CXX_LANGUAGE_STANDARD = "gnu++20";
				CLANG_ENABLE_MODULES = YES;
				CLANG_ENABLE_OBJC_ARC = YES;
				CLANG_ENABLE_OBJC_WEAK = YES;
				CLANG_WARN_BLOCK_CAPTURE_AUTORELEASING = YES;
				CLANG_WARN_BOOL_CONVERSION = YES;
				CLANG_WARN_COMMA = YES;
				CLANG_WARN_CONSTANT_CONVERSION = YES;
				CLANG_WARN_DEPRECATED_OBJC_IMPLEMENTATIONS = YES;
				CLANG_WARN_DIRECT_OBJC_ISA_USAGE = YES_ERROR;
				CLANG_WARN_DOCUMENTATION_COMMENTS = YES;
				CLANG_WARN_EMPTY_BODY = YES;
				CLANG_WARN_ENUM_CONVERSION = YES;
				CLANG_WARN_INFINITE_RECURSION = YES;
				CLANG_WARN_INT_CONVERSION = YES;
				CLANG_WARN_NON_LITERAL_NULL_CONVERSION = YES;
				CLANG_WARN_OBJC_IMPLICIT_RETAIN_SELF = YES;
				CLANG_WARN_OBJC_LITERAL_CONVERSION = YES;
				CLANG_WARN_OBJC_ROOT_CLASS = YES_ERROR;
				CLANG_WARN_QUOTED_INCLUDE_IN_FRAMEWORK_HEADER = YES;
				CLANG_WARN_RANGE_LOOP_ANALYSIS = YES;
				CLANG_WARN_STRICT_PROTOTYPES = YES;
				CLANG_WARN_SUSPICIOUS_MOVE = YES;
				CLANG_WARN_UNGUARDED_AVAILABILITY = YES_AGGRESSIVE;
				CLANG_WARN_UNREACHABLE_CODE = YES;
				CLANG_WARN__DUPLICATE_METHOD_MATCH = YES;
				COPY_PHASE_STRIP = NO;
				DEBUG_INFORMATION_FORMAT = "dwarf-with-dsym";
				DEVELOPMENT_TEAM = 33XQUS4CME;
				ENABLE_NS_ASSERTIONS = NO;
				ENABLE_STRICT_OBJC_MSGSEND = YES;
				ENABLE_USER_SCRIPT_SANDBOXING = YES;
				GCC_C_LANGUAGE_STANDARD = gnu17;
				GCC_NO_COMMON_BLOCKS = YES;
				GCC_WARN_64_TO_32_BIT_CONVERSION = YES;
				GCC_WARN_ABOUT_RETURN_TYPE = YES_ERROR;
				GCC_WARN_UNDECLARED_SELECTOR = YES;
				GCC_WARN_UNINITIALIZED_AUTOS = YES_AGGRESSIVE;
				GCC_WARN_UNUSED_FUNCTION = YES;
				GCC_WARN_UNUSED_VARIABLE = YES;
				LOCALIZATION_PREFERS_STRING_CATALOGS = YES;
				MTL_ENABLE_DEBUG_INFO = NO;
				MTL_FAST_MATH = YES;
				SWIFT_COMPILATION_MODE = wholemodule;
			};
			name = Release;
		};
		6447D27B2E6A33E7007B7DCC /* Debug */ = {
			isa = XCBuildConfiguration;
			buildSettings = {
				ASSETCATALOG_COMPILER_APPICON_NAME = AppIcon;
				ASSETCATALOG_COMPILER_GLOBAL_ACCENT_COLOR_NAME = AccentColor;
				CODE_SIGN_ENTITLEMENTS = MarketsWidgetKit/MarketsWidgetKit.entitlements;
				CODE_SIGN_STYLE = Automatic;
				CURRENT_PROJECT_VERSION = 1;
				DEVELOPMENT_TEAM = 33XQUS4CME;
				ENABLE_HARDENED_RUNTIME = YES;
				ENABLE_PREVIEWS = YES;
				GENERATE_INFOPLIST_FILE = YES;
				"INFOPLIST_KEY_UIApplicationSceneManifest_Generation[sdk=iphoneos*]" = YES;
				"INFOPLIST_KEY_UIApplicationSceneManifest_Generation[sdk=iphonesimulator*]" = YES;
				"INFOPLIST_KEY_UIApplicationSupportsIndirectInputEvents[sdk=iphoneos*]" = YES;
				"INFOPLIST_KEY_UIApplicationSupportsIndirectInputEvents[sdk=iphonesimulator*]" = YES;
				"INFOPLIST_KEY_UILaunchScreen_Generation[sdk=iphoneos*]" = YES;
				"INFOPLIST_KEY_UILaunchScreen_Generation[sdk=iphonesimulator*]" = YES;
				"INFOPLIST_KEY_UIStatusBarStyle[sdk=iphoneos*]" = UIStatusBarStyleDefault;
				"INFOPLIST_KEY_UIStatusBarStyle[sdk=iphonesimulator*]" = UIStatusBarStyleDefault;
				INFOPLIST_KEY_UISupportedInterfaceOrientations_iPad = "UIInterfaceOrientationPortrait UIInterfaceOrientationPortraitUpsideDown UIInterfaceOrientationLandscapeLeft UIInterfaceOrientationLandscapeRight";
				INFOPLIST_KEY_UISupportedInterfaceOrientations_iPhone = "UIInterfaceOrientationPortrait UIInterfaceOrientationLandscapeLeft UIInterfaceOrientationLandscapeRight";
				IPHONEOS_DEPLOYMENT_TARGET = 18.5;
				LD_RUNPATH_SEARCH_PATHS = "@executable_path/Frameworks";
				"LD_RUNPATH_SEARCH_PATHS[sdk=macosx*]" = "@executable_path/../Frameworks";
				MACOSX_DEPLOYMENT_TARGET = 14.0;
				MARKETING_VERSION = 1.0;
				PRODUCT_BUNDLE_IDENTIFIER = uk.co.edwin.utilities.MarketsWidgetKit;
				PRODUCT_NAME = "$(TARGET_NAME)";
				REGISTER_APP_GROUPS = YES;
				SDKROOT = auto;
				SUPPORTED_PLATFORMS = "iphoneos iphonesimulator macosx xros xrsimulator";
				SWIFT_EMIT_LOC_STRINGS = YES;
				SWIFT_VERSION = 5.0;
				TARGETED_DEVICE_FAMILY = "1,2,7";
				XROS_DEPLOYMENT_TARGET = 2.5;
			};
			name = Debug;
		};
		6447D27C2E6A33E7007B7DCC /* Release */ = {
			isa = XCBuildConfiguration;
			buildSettings = {
				ASSETCATALOG_COMPILER_APPICON_NAME = AppIcon;
				ASSETCATALOG_COMPILER_GLOBAL_ACCENT_COLOR_NAME = AccentColor;
				CODE_SIGN_ENTITLEMENTS = MarketsWidgetKit/MarketsWidgetKit.entitlements;
				CODE_SIGN_STYLE = Automatic;
				CURRENT_PROJECT_VERSION = 1;
				DEVELOPMENT_TEAM = 33XQUS4CME;
				ENABLE_HARDENED_RUNTIME = YES;
				ENABLE_PREVIEWS = YES;
				GENERATE_INFOPLIST_FILE = YES;
				"INFOPLIST_KEY_UIApplicationSceneManifest_Generation[sdk=iphoneos*]" = YES;
				"INFOPLIST_KEY_UIApplicationSceneManifest_Generation[sdk=iphonesimulator*]" = YES;
				"INFOPLIST_KEY_UIApplicationSupportsIndirectInputEvents[sdk=iphoneos*]" = YES;
				"INFOPLIST_KEY_UIApplicationSupportsIndirectInputEvents[sdk=iphonesimulator*]" = YES;
				"INFOPLIST_KEY_UILaunchScreen_Generation[sdk=iphoneos*]" = YES;
				"INFOPLIST_KEY_UILaunchScreen_Generation[sdk=iphonesimulator*]" = YES;
				"INFOPLIST_KEY_UIStatusBarStyle[sdk=iphoneos*]" = UIStatusBarStyleDefault;
				"INFOPLIST_KEY_UIStatusBarStyle[sdk=iphonesimulator*]" = UIStatusBarStyleDefault;
				INFOPLIST_KEY_UISupportedInterfaceOrientations_iPad = "UIInterfaceOrientationPortrait UIInterfaceOrientationPortraitUpsideDown UIInterfaceOrientationLandscapeLeft UIInterfaceOrientationLandscapeRight";
				INFOPLIST_KEY_UISupportedInterfaceOrientations_iPhone = "UIInterfaceOrientationPortrait UIInterfaceOrientationLandscapeLeft UIInterfaceOrientationLandscapeRight";
				IPHONEOS_DEPLOYMENT_TARGET = 18.5;
				LD_RUNPATH_SEARCH_PATHS = "@executable_path/Frameworks";
				"LD_RUNPATH_SEARCH_PATHS[sdk=macosx*]" = "@executable_path/../Frameworks";
				MACOSX_DEPLOYMENT_TARGET = 14.0;
				MARKETING_VERSION = 1.0;
				PRODUCT_BUNDLE_IDENTIFIER = uk.co.edwin.utilities.MarketsWidgetKit;
				PRODUCT_NAME = "$(TARGET_NAME)";
				REGISTER_APP_GROUPS = YES;
				SDKROOT = auto;
				SUPPORTED_PLATFORMS = "iphoneos iphonesimulator macosx xros xrsimulator";
				SWIFT_EMIT_LOC_STRINGS = YES;
				SWIFT_VERSION = 5.0;
				TARGETED_DEVICE_FAMILY = "1,2,7";
				XROS_DEPLOYMENT_TARGET = 2.5;
			};
			name = Release;
		};
		6447D27E2E6A33E7007B7DCC /* Debug */ = {
			isa = XCBuildConfiguration;
			buildSettings = {
				BUNDLE_LOADER = "$(TEST_HOST)";
				CODE_SIGN_STYLE = Automatic;
				CURRENT_PROJECT_VERSION = 1;
				DEVELOPMENT_TEAM = 33XQUS4CME;
				GENERATE_INFOPLIST_FILE = YES;
				IPHONEOS_DEPLOYMENT_TARGET = 18.5;
				MACOSX_DEPLOYMENT_TARGET = 15.5;
				MARKETING_VERSION = 1.0;
				PRODUCT_BUNDLE_IDENTIFIER = uk.co.edwin.utilities.MarketsWidgetKitTests;
				PRODUCT_NAME = "$(TARGET_NAME)";
				SDKROOT = auto;
				SUPPORTED_PLATFORMS = "iphoneos iphonesimulator macosx xros xrsimulator";
				SWIFT_EMIT_LOC_STRINGS = NO;
				SWIFT_VERSION = 5.0;
				TARGETED_DEVICE_FAMILY = "1,2,7";
				TEST_HOST = "$(BUILT_PRODUCTS_DIR)/MarketsWidgetKit.app/$(BUNDLE_EXECUTABLE_FOLDER_PATH)/MarketsWidgetKit";
				XROS_DEPLOYMENT_TARGET = 2.5;
			};
			name = Debug;
		};
		6447D27F2E6A33E7007B7DCC /* Release */ = {
			isa = XCBuildConfiguration;
			buildSettings = {
				BUNDLE_LOADER = "$(TEST_HOST)";
				CODE_SIGN_STYLE = Automatic;
				CURRENT_PROJECT_VERSION = 1;
				DEVELOPMENT_TEAM = 33XQUS4CME;
				GENERATE_INFOPLIST_FILE = YES;
				IPHONEOS_DEPLOYMENT_TARGET = 18.5;
				MACOSX_DEPLOYMENT_TARGET = 15.5;
				MARKETING_VERSION = 1.0;
				PRODUCT_BUNDLE_IDENTIFIER = uk.co.edwin.utilities.MarketsWidgetKitTests;
				PRODUCT_NAME = "$(TARGET_NAME)";
				SDKROOT = auto;
				SUPPORTED_PLATFORMS = "iphoneos iphonesimulator macosx xros xrsimulator";
				SWIFT_EMIT_LOC_STRINGS = NO;
				SWIFT_VERSION = 5.0;
				TARGETED_DEVICE_FAMILY = "1,2,7";
				TEST_HOST = "$(BUILT_PRODUCTS_DIR)/MarketsWidgetKit.app/$(BUNDLE_EXECUTABLE_FOLDER_PATH)/MarketsWidgetKit";
				XROS_DEPLOYMENT_TARGET = 2.5;
			};
			name = Release;
		};
		6447D2812E6A33E7007B7DCC /* Debug */ = {
			isa = XCBuildConfiguration;
			buildSettings = {
				CODE_SIGN_STYLE = Automatic;
				CURRENT_PROJECT_VERSION = 1;
				DEVELOPMENT_TEAM = 33XQUS4CME;
				GENERATE_INFOPLIST_FILE = YES;
				IPHONEOS_DEPLOYMENT_TARGET = 18.5;
				MACOSX_DEPLOYMENT_TARGET = 15.5;
				MARKETING_VERSION = 1.0;
				PRODUCT_BUNDLE_IDENTIFIER = uk.co.edwin.utilities.MarketsWidgetKitUITests;
				PRODUCT_NAME = "$(TARGET_NAME)";
				SDKROOT = auto;
				SUPPORTED_PLATFORMS = "iphoneos iphonesimulator macosx xros xrsimulator";
				SWIFT_EMIT_LOC_STRINGS = NO;
				SWIFT_VERSION = 5.0;
				TARGETED_DEVICE_FAMILY = "1,2,7";
				TEST_TARGET_NAME = MarketsWidgetKit;
				XROS_DEPLOYMENT_TARGET = 2.5;
			};
			name = Debug;
		};
		6447D2822E6A33E7007B7DCC /* Release */ = {
			isa = XCBuildConfiguration;
			buildSettings = {
				CODE_SIGN_STYLE = Automatic;
				CURRENT_PROJECT_VERSION = 1;
				DEVELOPMENT_TEAM = 33XQUS4CME;
				GENERATE_INFOPLIST_FILE = YES;
				IPHONEOS_DEPLOYMENT_TARGET = 18.5;
				MACOSX_DEPLOYMENT_TARGET = 15.5;
				MARKETING_VERSION = 1.0;
				PRODUCT_BUNDLE_IDENTIFIER = uk.co.edwin.utilities.MarketsWidgetKitUITests;
				PRODUCT_NAME = "$(TARGET_NAME)";
				SDKROOT = auto;
				SUPPORTED_PLATFORMS = "iphoneos iphonesimulator macosx xros xrsimulator";
				SWIFT_EMIT_LOC_STRINGS = NO;
				SWIFT_VERSION = 5.0;
				TARGETED_DEVICE_FAMILY = "1,2,7";
				TEST_TARGET_NAME = MarketsWidgetKit;
				XROS_DEPLOYMENT_TARGET = 2.5;
			};
			name = Release;
		};
		6447D2A02E6A3739007B7DCC /* Debug */ = {
			isa = XCBuildConfiguration;
			buildSettings = {
				ASSETCATALOG_COMPILER_GLOBAL_ACCENT_COLOR_NAME = AccentColor;
				ASSETCATALOG_COMPILER_WIDGET_BACKGROUND_COLOR_NAME = WidgetBackground;
				CODE_SIGN_STYLE = Automatic;
				CURRENT_PROJECT_VERSION = 1;
				DEVELOPMENT_TEAM = 33XQUS4CME;
				GENERATE_INFOPLIST_FILE = YES;
				INFOPLIST_FILE = MarketWidgets/Info.plist;
				INFOPLIST_KEY_CFBundleDisplayName = MarketWidgets;
				INFOPLIST_KEY_NSHumanReadableCopyright = "";
				IPHONEOS_DEPLOYMENT_TARGET = 18.5;
				LD_RUNPATH_SEARCH_PATHS = (
					"$(inherited)",
					"@executable_path/Frameworks",
					"@executable_path/../../Frameworks",
				);
				MARKETING_VERSION = 1.0;
				PRODUCT_BUNDLE_IDENTIFIER = uk.co.edwin.utilities.MarketsWidgetKit.MarketWidgets;
				PRODUCT_NAME = "$(TARGET_NAME)";
				SDKROOT = iphoneos;
				SKIP_INSTALL = YES;
				SWIFT_EMIT_LOC_STRINGS = YES;
				SWIFT_VERSION = 5.0;
				TARGETED_DEVICE_FAMILY = "1,2";
			};
			name = Debug;
		};
		6447D2A12E6A3739007B7DCC /* Release */ = {
			isa = XCBuildConfiguration;
			buildSettings = {
				ASSETCATALOG_COMPILER_GLOBAL_ACCENT_COLOR_NAME = AccentColor;
				ASSETCATALOG_COMPILER_WIDGET_BACKGROUND_COLOR_NAME = WidgetBackground;
				CODE_SIGN_STYLE = Automatic;
				CURRENT_PROJECT_VERSION = 1;
				DEVELOPMENT_TEAM = 33XQUS4CME;
				GENERATE_INFOPLIST_FILE = YES;
				INFOPLIST_FILE = MarketWidgets/Info.plist;
				INFOPLIST_KEY_CFBundleDisplayName = MarketWidgets;
				INFOPLIST_KEY_NSHumanReadableCopyright = "";
				IPHONEOS_DEPLOYMENT_TARGET = 18.5;
				LD_RUNPATH_SEARCH_PATHS = (
					"$(inherited)",
					"@executable_path/Frameworks",
					"@executable_path/../../Frameworks",
				);
				MARKETING_VERSION = 1.0;
				PRODUCT_BUNDLE_IDENTIFIER = uk.co.edwin.utilities.MarketsWidgetKit.MarketWidgets;
				PRODUCT_NAME = "$(TARGET_NAME)";
				SDKROOT = iphoneos;
				SKIP_INSTALL = YES;
				SWIFT_EMIT_LOC_STRINGS = YES;
				SWIFT_VERSION = 5.0;
				TARGETED_DEVICE_FAMILY = "1,2";
				VALIDATE_PRODUCT = YES;
			};
			name = Release;
		};
/* End XCBuildConfiguration section */

/* Begin XCConfigurationList section */
		6447D2512E6A33E4007B7DCC /* Build configuration list for PBXProject "MarketsWidgetKit" */ = {
			isa = XCConfigurationList;
			buildConfigurations = (
				6447D2782E6A33E7007B7DCC /* Debug */,
				6447D2792E6A33E7007B7DCC /* Release */,
			);
			defaultConfigurationIsVisible = 0;
			defaultConfigurationName = Release;
		};
		6447D27A2E6A33E7007B7DCC /* Build configuration list for PBXNativeTarget "MarketsWidgetKit" */ = {
			isa = XCConfigurationList;
			buildConfigurations = (
				6447D27B2E6A33E7007B7DCC /* Debug */,
				6447D27C2E6A33E7007B7DCC /* Release */,
			);
			defaultConfigurationIsVisible = 0;
			defaultConfigurationName = Release;
		};
		6447D27D2E6A33E7007B7DCC /* Build configuration list for PBXNativeTarget "MarketsWidgetKitTests" */ = {
			isa = XCConfigurationList;
			buildConfigurations = (
				6447D27E2E6A33E7007B7DCC /* Debug */,
				6447D27F2E6A33E7007B7DCC /* Release */,
			);
			defaultConfigurationIsVisible = 0;
			defaultConfigurationName = Release;
		};
		6447D2802E6A33E7007B7DCC /* Build configuration list for PBXNativeTarget "MarketsWidgetKitUITests" */ = {
			isa = XCConfigurationList;
			buildConfigurations = (
				6447D2812E6A33E7007B7DCC /* Debug */,
				6447D2822E6A33E7007B7DCC /* Release */,
			);
			defaultConfigurationIsVisible = 0;
			defaultConfigurationName = Release;
		};
		6447D29F2E6A3739007B7DCC /* Build configuration list for PBXNativeTarget "MarketWidgetsExtension" */ = {
			isa = XCConfigurationList;
			buildConfigurations = (
				6447D2A02E6A3739007B7DCC /* Debug */,
				6447D2A12E6A3739007B7DCC /* Release */,
			);
			defaultConfigurationIsVisible = 0;
			defaultConfigurationName = Release;
		};
/* End XCConfigurationList section */
	};
	rootObject = 6447D24E2E6A33E4007B7DCC /* Project object */;
}
